{
  "name": "G3-Scouting",
  "lockfileVersion": 3,
  "requires": true,
  "packages": {
    "": {
      "dependencies": {
        "no-profanity": "^1.5.1"
      }
    },
    "node_modules/no-profanity": {
      "version": "1.5.1",
      "resolved": "https://registry.npmjs.org/no-profanity/-/no-profanity-1.5.1.tgz",
      "integrity": "sha512-WHUWSXRSobqcYD++EGgxXU7asFcECICUSiDfrpzK5c+V2luNVZp2vAas0yje45CC3XPkZb6J0CRIMyEZLQK2sg==",
      "license": "MIT",
      "engines": {
        "node": ">=14.0.0"
      }
    }
  }
}
